
Microsoft Visual Studio Solution File, Format Version 12.00
# Visual Studio 15
VisualStudioVersion = 15.0.28307.539
MinimumVisualStudioVersion = 10.0.40219.1
Project("{FAE04EC0-301F-11D3-BF4B-00C04F79EFBC}") = "ClothBazar.Web", "ClothBazar.Web\ClothBazar.Web.csproj", "{B23CAE53-B00D-470D-BF7A-D76AA8E26C6D}"
EndProject
Project("{FAE04EC0-301F-11D3-BF4B-00C04F79EFBC}") = "ClothBazar.Entities", "ClothBazar.Entities\ClothBazar.Entities.csproj", "{36DAAAD2-642E-4489-8639-300EA3CA33F4}"
EndProject
Project("{FAE04EC0-301F-11D3-BF4B-00C04F79EFBC}") = "ClothBazar.Database", "ClothBazar.Database\ClothBazar.Database.csproj", "{BB1E72F2-41DD-4C58-B189-01B0CD73FF2F}"
EndProject
Project("{FAE04EC0-301F-11D3-BF4B-00C04F79EFBC}") = "ClothBazar.Services", "ClothBazar.Services\ClothBazar.Services.csproj", "{91B7C8BE-5702-45FF-98B9-9076CF78747D}"
EndProject
Global
	GlobalSection(SolutionConfigurationPlatforms) = preSolution
		Debug|Any CPU = Debug|Any CPU
		Release|Any CPU = Release|Any CPU
	EndGlobalSection
	GlobalSection(ProjectConfigurationPlatforms) = postSolution
		{B23CAE53-B00D-470D-BF7A-D76AA8E26C6D}.Debug|Any CPU.ActiveCfg = Debug|Any CPU
		{B23CAE53-B00D-470D-BF7A-D76AA8E26C6D}.Debug|Any CPU.Build.0 = Debug|Any CPU
		{B23CAE53-B00D-470D-BF7A-D76AA8E26C6D}.Release|Any CPU.ActiveCfg = Release|Any CPU
		{B23CAE53-B00D-470D-BF7A-D76AA8E26C6D}.Release|Any CPU.Build.0 = Release|Any CPU
		{36DAAAD2-642E-4489-8639-300EA3CA33F4}.Debug|Any CPU.ActiveCfg = Debug|Any CPU
		{36DAAAD2-642E-4489-8639-300EA3CA33F4}.Debug|Any CPU.Build.0 = Debug|Any CPU
		{36DAAAD2-642E-4489-8639-300EA3CA33F4}.Release|Any CPU.ActiveCfg = Release|Any CPU
		{36DAAAD2-642E-4489-8639-300EA3CA33F4}.Release|Any CPU.Build.0 = Release|Any CPU
		{BB1E72F2-41DD-4C58-B189-01B0CD73FF2F}.Debug|Any CPU.ActiveCfg = Debug|Any CPU
		{BB1E72F2-41DD-4C58-B189-01B0CD73FF2F}.Debug|Any CPU.Build.0 = Debug|Any CPU
		{BB1E72F2-41DD-4C58-B189-01B0CD73FF2F}.Release|Any CPU.ActiveCfg = Release|Any CPU
		{BB1E72F2-41DD-4C58-B189-01B0CD73FF2F}.Release|Any CPU.Build.0 = Release|Any CPU
		{91B7C8BE-5702-45FF-98B9-9076CF78747D}.Debug|Any CPU.ActiveCfg = Debug|Any CPU
		{91B7C8BE-5702-45FF-98B9-9076CF78747D}.Debug|Any CPU.Build.0 = Debug|Any CPU
		{91B7C8BE-5702-45FF-98B9-9076CF78747D}.Release|Any CPU.ActiveCfg = Release|Any CPU
		{91B7C8BE-5702-45FF-98B9-9076CF78747D}.Release|Any CPU.Build.0 = Release|Any CPU
	EndGlobalSection
	GlobalSection(SolutionProperties) = preSolution
		HideSolutionNode = FALSE
	EndGlobalSection
	GlobalSection(ExtensibilityGlobals) = postSolution
		SolutionGuid = {5224F260-05A8-428C-98D5-924142806A09}
	EndGlobalSection
EndGlobal
